
Microsoft Visual Studio Solution File, Format Version 12.00
# Visual Studio Version 16
VisualStudioVersion = 16.0.32901.82
MinimumVisualStudioVersion = 10.0.40219.1
Project("{FAE04EC0-301F-11D3-BF4B-00C04F79EFBC}") = "ExampleAppWithLogin", "ExampleAppWithLogin\ExampleAppWithLogin.csproj", "{1C7EC3EE-98A0-45B0-8470-D087629B3510}"
EndProject
Global
	GlobalSection(SolutionConfigurationPlatforms) = preSolution
		Debug|Any CPU = Debug|Any CPU
		Release|Any CPU = Release|Any CPU
	EndGlobalSection
	GlobalSection(ProjectConfigurationPlatforms) = postSolution
		{1C7EC3EE-98A0-45B0-8470-D087629B3510}.Debug|Any CPU.ActiveCfg = Debug|Any CPU
		{1C7EC3EE-98A0-45B0-8470-D087629B3510}.Debug|Any CPU.Build.0 = Debug|Any CPU
		{1C7EC3EE-98A0-45B0-8470-D087629B3510}.Release|Any CPU.ActiveCfg = Release|Any CPU
		{1C7EC3EE-98A0-45B0-8470-D087629B3510}.Release|Any CPU.Build.0 = Release|Any CPU
	EndGlobalSection
	GlobalSection(SolutionProperties) = preSolution
		HideSolutionNode = FALSE
	EndGlobalSection
	GlobalSection(ExtensibilityGlobals) = postSolution
		SolutionGuid = {1808AB3C-AA65-4E0A-BA82-2042A17F81B0}
	EndGlobalSection
EndGlobal
